
Microsoft Visual Studio Solution File, Format Version 12.00
# Visual Studio Version 16
VisualStudioVersion = 16.0.29728.190
MinimumVisualStudioVersion = 10.0.40219.1
Project("{FAE04EC0-301F-11D3-BF4B-00C04F79EFBC}") = "CorrAI.Api", "CorrAI.Api\CorrAI.Api.csproj", "{7C7341CE-4370-4E33-99AD-6136736D1D9A}"
EndProject
Project("{FAE04EC0-301F-11D3-BF4B-00C04F79EFBC}") = "CorrAI.React", "CorrAI.React\CorrAI.React.csproj", "{AC0A794F-CD18-4289-BB81-D53B393A4627}"
EndProject
Project("{FAE04EC0-301F-11D3-BF4B-00C04F79EFBC}") = "CorrAI.Core", "CorrAI.Core\CorrAI.Core.csproj", "{A4F6726A-74CA-48FD-9007-9FB2CAD47B13}"
EndProject
Project("{FAE04EC0-301F-11D3-BF4B-00C04F79EFBC}") = "CorrAI.Func", "CorrAI.Func\CorrAI.Func.csproj", "{AF4FBCD7-84E4-425C-B4DC-567AAC088A34}"
EndProject
Project("{2150E333-8FDC-42A3-9474-1A3956D46DE8}") = "_Solution Items", "_Solution Items", "{7AE11B56-4A95-4B87-AD4A-190E5FEDFB10}"
	ProjectSection(SolutionItems) = preProject
		..\.gitignore = ..\.gitignore
		..\Components.png = ..\Components.png
		..\LICENSE = ..\LICENSE
		..\README.md = ..\README.md
		..\WeatherForecast.xlsx = ..\WeatherForecast.xlsx
	EndProjectSection
EndProject
Project("{D954291E-2A0B-460D-934E-DC6B0785DB48}") = "CorrAI.Shared", "CorrAI.Shared\CorrAI.Shared.shproj", "{ED2C42AD-12AF-45A7-BE06-FB6ECA5E6DF3}"
EndProject
Project("{2150E333-8FDC-42A3-9474-1A3956D46DE8}") = "Api", "Api", "{EE80E33F-7714-40AE-A6B2-2B97079443A7}"
EndProject
Project("{2150E333-8FDC-42A3-9474-1A3956D46DE8}") = "UI", "UI", "{C2436FE4-B951-4DF3-BA97-53CB56BBDF7E}"
EndProject
Project("{2150E333-8FDC-42A3-9474-1A3956D46DE8}") = "Common", "Common", "{DEBCFADB-39F4-434B-932E-7A121DF3B724}"
EndProject
Global
	GlobalSection(SharedMSBuildProjectFiles) = preSolution
		CorrAI.Shared\CorrAI.Shared.projitems*{ed2c42ad-12af-45a7-be06-fb6eca5e6df3}*SharedItemsImports = 13
	EndGlobalSection
	GlobalSection(SolutionConfigurationPlatforms) = preSolution
		Debug|Any CPU = Debug|Any CPU
		Release|Any CPU = Release|Any CPU
	EndGlobalSection
	GlobalSection(ProjectConfigurationPlatforms) = postSolution
		{7C7341CE-4370-4E33-99AD-6136736D1D9A}.Debug|Any CPU.ActiveCfg = Debug|Any CPU
		{7C7341CE-4370-4E33-99AD-6136736D1D9A}.Debug|Any CPU.Build.0 = Debug|Any CPU
		{7C7341CE-4370-4E33-99AD-6136736D1D9A}.Release|Any CPU.ActiveCfg = Release|Any CPU
		{7C7341CE-4370-4E33-99AD-6136736D1D9A}.Release|Any CPU.Build.0 = Release|Any CPU
		{AC0A794F-CD18-4289-BB81-D53B393A4627}.Debug|Any CPU.ActiveCfg = Debug|Any CPU
		{AC0A794F-CD18-4289-BB81-D53B393A4627}.Debug|Any CPU.Build.0 = Debug|Any CPU
		{AC0A794F-CD18-4289-BB81-D53B393A4627}.Release|Any CPU.ActiveCfg = Release|Any CPU
		{AC0A794F-CD18-4289-BB81-D53B393A4627}.Release|Any CPU.Build.0 = Release|Any CPU
		{A4F6726A-74CA-48FD-9007-9FB2CAD47B13}.Debug|Any CPU.ActiveCfg = Debug|Any CPU
		{A4F6726A-74CA-48FD-9007-9FB2CAD47B13}.Debug|Any CPU.Build.0 = Debug|Any CPU
		{A4F6726A-74CA-48FD-9007-9FB2CAD47B13}.Release|Any CPU.ActiveCfg = Release|Any CPU
		{A4F6726A-74CA-48FD-9007-9FB2CAD47B13}.Release|Any CPU.Build.0 = Release|Any CPU
		{AF4FBCD7-84E4-425C-B4DC-567AAC088A34}.Debug|Any CPU.ActiveCfg = Debug|Any CPU
		{AF4FBCD7-84E4-425C-B4DC-567AAC088A34}.Debug|Any CPU.Build.0 = Debug|Any CPU
		{AF4FBCD7-84E4-425C-B4DC-567AAC088A34}.Release|Any CPU.ActiveCfg = Release|Any CPU
		{AF4FBCD7-84E4-425C-B4DC-567AAC088A34}.Release|Any CPU.Build.0 = Release|Any CPU
	EndGlobalSection
	GlobalSection(SolutionProperties) = preSolution
		HideSolutionNode = FALSE
	EndGlobalSection
	GlobalSection(NestedProjects) = preSolution
		{7C7341CE-4370-4E33-99AD-6136736D1D9A} = {EE80E33F-7714-40AE-A6B2-2B97079443A7}
		{AC0A794F-CD18-4289-BB81-D53B393A4627} = {C2436FE4-B951-4DF3-BA97-53CB56BBDF7E}
		{A4F6726A-74CA-48FD-9007-9FB2CAD47B13} = {DEBCFADB-39F4-434B-932E-7A121DF3B724}
		{AF4FBCD7-84E4-425C-B4DC-567AAC088A34} = {EE80E33F-7714-40AE-A6B2-2B97079443A7}
		{ED2C42AD-12AF-45A7-BE06-FB6ECA5E6DF3} = {DEBCFADB-39F4-434B-932E-7A121DF3B724}
	EndGlobalSection
	GlobalSection(ExtensibilityGlobals) = postSolution
		SolutionGuid = {CE241523-77F0-4912-8A84-519078325D7D}
	EndGlobalSection
EndGlobal
